
Microsoft Visual Studio Solution File, Format Version 12.00
Project("{FAE04EC0-301F-11D3-BF4B-00C04F79EFBC}") = "beb", "beb\beb.csproj", "{EEB29D35-23F4-417E-961B-42B02C6E8DAA}"
EndProject
Global
	GlobalSection(SolutionConfigurationPlatforms) = preSolution
		Debug|Any CPU = Debug|Any CPU
		Release|Any CPU = Release|Any CPU
	EndGlobalSection
	GlobalSection(ProjectConfigurationPlatforms) = postSolution
		{EEB29D35-23F4-417E-961B-42B02C6E8DAA}.Debug|Any CPU.ActiveCfg = Debug|Any CPU
		{EEB29D35-23F4-417E-961B-42B02C6E8DAA}.Debug|Any CPU.Build.0 = Debug|Any CPU
		{EEB29D35-23F4-417E-961B-42B02C6E8DAA}.Release|Any CPU.ActiveCfg = Release|Any CPU
		{EEB29D35-23F4-417E-961B-42B02C6E8DAA}.Release|Any CPU.Build.0 = Release|Any CPU
	EndGlobalSection
EndGlobal
